#MicroXplorer Configuration settings - do not modify
ADC1.Channel-12\#ChannelRegularConversion=ADC_CHANNEL_14
ADC1.ContinuousConvMode=ENABLE
ADC1.IPParameters=Rank-12\#ChannelRegularConversion,master,Channel-12\#ChannelRegularConversion,SamplingTime-12\#ChannelRegularConversion,NbrOfConversionFlag,ContinuousConvMode
ADC1.NbrOfConversionFlag=1
ADC1.Rank-12\#ChannelRegularConversion=1
ADC1.SamplingTime-12\#ChannelRegularConversion=ADC_SAMPLETIME_55CYCLES_5
ADC1.master=1
FREERTOS.FootprintOK=true
FREERTOS.IPParameters=Tasks01,FootprintOK
FREERTOS.Tasks01=defaultTask,24,128,StartDefaultTask,Default,NULL,Static,defaultTaskBuffer,defaultTaskControlBlock;myTaskMotor,8,128,StartTaskMotor,Default,NULL,Dynamic,NULL,NULL;myTaskDisplay,8,128,StartTaskDisplay,Default,NULL,Dynamic,NULL,NULL
File.Version=6
GPIO.groupedBy=Group By Peripherals
KeepUserPlacement=false
Mcu.Family=STM32F1
Mcu.IP0=ADC1
Mcu.IP1=FREERTOS
Mcu.IP10=TIM5
Mcu.IP11=TIM8
Mcu.IP12=UART4
Mcu.IP2=I2C2
Mcu.IP3=NVIC
Mcu.IP4=RCC
Mcu.IP5=SYS
Mcu.IP6=TIM1
Mcu.IP7=TIM2
Mcu.IP8=TIM3
Mcu.IP9=TIM4
Mcu.IPNb=13
Mcu.Name=STM32F103R(C-D-E)Tx
Mcu.Package=LQFP64
Mcu.Pin0=PD0-OSC_IN
Mcu.Pin1=PD1-OSC_OUT
Mcu.Pin10=PB13
Mcu.Pin11=PB14
Mcu.Pin12=PC6
Mcu.Pin13=PC7
Mcu.Pin14=PC8
Mcu.Pin15=PC9
Mcu.Pin16=PA8
Mcu.Pin17=PA9
Mcu.Pin18=PA10
Mcu.Pin19=PA11
Mcu.Pin2=PA0-WKUP
Mcu.Pin20=PA13
Mcu.Pin21=PA14
Mcu.Pin22=PA15
Mcu.Pin23=PC10
Mcu.Pin24=PC11
Mcu.Pin25=PB3
Mcu.Pin26=PB6
Mcu.Pin27=PB7
Mcu.Pin28=VP_FREERTOS_VS_CMSIS_V2
Mcu.Pin29=VP_SYS_VS_tim6
Mcu.Pin3=PA1
Mcu.Pin4=PA6
Mcu.Pin5=PA7
Mcu.Pin6=PC4
Mcu.Pin7=PB10
Mcu.Pin8=PB11
Mcu.Pin9=PB12
Mcu.PinsNb=30
Mcu.ThirdPartyNb=0
Mcu.UserConstants=
Mcu.UserName=STM32F103RCTx
MxCube.Version=6.4.0
MxDb.Version=DB.6.0.40
NVIC.ADC1_2_IRQn=true\:5\:0\:false\:false\:true\:true\:true\:true
NVIC.BusFault_IRQn=true\:0\:0\:false\:false\:true\:false\:false\:false
NVIC.DebugMonitor_IRQn=true\:0\:0\:false\:false\:true\:false\:false\:false
NVIC.ForceEnableDMAVector=true
NVIC.HardFault_IRQn=true\:0\:0\:false\:false\:true\:false\:false\:false
NVIC.MemoryManagement_IRQn=true\:0\:0\:false\:false\:true\:false\:false\:false
NVIC.NonMaskableInt_IRQn=true\:0\:0\:false\:false\:true\:false\:false\:false
NVIC.PendSV_IRQn=true\:15\:0\:false\:false\:false\:true\:false\:false
NVIC.PriorityGroup=NVIC_PRIORITYGROUP_4
NVIC.SVCall_IRQn=true\:0\:0\:false\:false\:false\:false\:false\:false
NVIC.SavedPendsvIrqHandlerGenerated=true
NVIC.SavedSvcallIrqHandlerGenerated=true
NVIC.SavedSystickIrqHandlerGenerated=true
NVIC.SysTick_IRQn=true\:15\:0\:false\:false\:false\:true\:false\:true
NVIC.TIM6_IRQn=true\:15\:0\:false\:false\:true\:false\:false\:true
NVIC.TimeBase=TIM6_IRQn
NVIC.TimeBaseIP=TIM6
NVIC.UART4_IRQn=true\:5\:0\:false\:false\:true\:true\:true\:true
NVIC.UsageFault_IRQn=true\:0\:0\:false\:false\:true\:false\:false\:false
PA0-WKUP.Signal=S_TIM5_CH1
PA1.Signal=S_TIM5_CH2
PA10.Signal=S_TIM1_CH3
PA11.Signal=S_TIM1_CH4
PA13.Mode=Serial_Wire
PA13.Signal=SYS_JTMS-SWDIO
PA14.Mode=Serial_Wire
PA14.Signal=SYS_JTCK-SWCLK
PA15.Signal=S_TIM2_CH1_ETR
PA6.Signal=S_TIM3_CH1
PA7.Signal=S_TIM3_CH2
PA8.Signal=S_TIM1_CH1
PA9.Signal=S_TIM1_CH2
PB10.Mode=I2C
PB10.Signal=I2C2_SCL
PB11.Mode=I2C
PB11.Signal=I2C2_SDA
PB12.GPIOParameters=GPIO_Label
PB12.GPIO_Label=KEY_MODE
PB12.Locked=true
PB12.Signal=GPIO_Input
PB13.GPIOParameters=GPIO_Label
PB13.GPIO_Label=LED
PB13.Locked=true
PB13.Signal=GPIO_Output
PB14.GPIOParameters=GPIO_Label
PB14.GPIO_Label=KEY_USER
PB14.Locked=true
PB14.Signal=GPIO_Input
PB3.Signal=S_TIM2_CH2
PB6.Signal=S_TIM4_CH1
PB7.Signal=S_TIM4_CH2
PC10.Mode=Asynchronous
PC10.Signal=UART4_TX
PC11.Mode=Asynchronous
PC11.Signal=UART4_RX
PC4.Signal=ADCx_IN14
PC6.Signal=S_TIM8_CH1
PC7.Signal=S_TIM8_CH2
PC8.Signal=S_TIM8_CH3
PC9.Signal=S_TIM8_CH4
PD0-OSC_IN.Mode=HSE-External-Oscillator
PD0-OSC_IN.Signal=RCC_OSC_IN
PD1-OSC_OUT.Mode=HSE-External-Oscillator
PD1-OSC_OUT.Signal=RCC_OSC_OUT
PinOutPanel.RotationAngle=0
ProjectManager.AskForMigrate=true
ProjectManager.BackupPrevious=false
ProjectManager.CompilerOptimize=6
ProjectManager.ComputerToolchain=false
ProjectManager.CoupleFile=true
ProjectManager.CustomerFirmwarePackage=
ProjectManager.DefaultFWLocation=true
ProjectManager.DeletePrevious=true
ProjectManager.DeviceId=STM32F103RCTx
ProjectManager.FirmwarePackage=STM32Cube FW_F1 V1.8.4
ProjectManager.FreePins=false
ProjectManager.HalAssertFull=false
ProjectManager.HeapSize=0x200
ProjectManager.KeepUserCode=true
ProjectManager.LastFirmware=true
ProjectManager.LibraryCopy=1
ProjectManager.MainLocation=Core/Src
ProjectManager.NoMain=false
ProjectManager.PreviousToolchain=SW4STM32
ProjectManager.ProjectBuild=false
ProjectManager.ProjectFileName=bishe_stm32.ioc
ProjectManager.ProjectName=bishe_stm32
ProjectManager.RegisterCallBack=
ProjectManager.StackSize=0x400
ProjectManager.TargetToolchain=SW4STM32
ProjectManager.ToolChainLocation=
ProjectManager.UnderRoot=true
ProjectManager.functionlistsort=1-SystemClock_Config-RCC-false-HAL-false,2-MX_GPIO_Init-GPIO-false-HAL-true,3-MX_UART4_Init-UART4-false-HAL-true,4-MX_TIM1_Init-TIM1-false-HAL-true,5-MX_TIM2_Init-TIM2-false-HAL-true,6-MX_TIM3_Init-TIM3-false-HAL-true,7-MX_TIM4_Init-TIM4-false-HAL-true,8-MX_TIM5_Init-TIM5-false-HAL-true,9-MX_ADC1_Init-ADC1-false-HAL-true,10-MX_I2C2_Init-I2C2-false-HAL-true,11-MX_TIM8_Init-TIM8-false-HAL-true
RCC.ADCFreqValue=12000000
RCC.ADCPresc=RCC_ADCPCLK2_DIV6
RCC.AHBFreq_Value=72000000
RCC.APB1CLKDivider=RCC_HCLK_DIV2
RCC.APB1Freq_Value=36000000
RCC.APB1TimFreq_Value=72000000
RCC.APB2Freq_Value=72000000
RCC.APB2TimFreq_Value=72000000
RCC.FCLKCortexFreq_Value=72000000
RCC.FamilyName=M
RCC.HCLKFreq_Value=72000000
RCC.I2S2Freq_Value=72000000
RCC.I2S3Freq_Value=72000000
RCC.IPParameters=ADCFreqValue,ADCPresc,AHBFreq_Value,APB1CLKDivider,APB1Freq_Value,APB1TimFreq_Value,APB2Freq_Value,APB2TimFreq_Value,FCLKCortexFreq_Value,FamilyName,HCLKFreq_Value,I2S2Freq_Value,I2S3Freq_Value,MCOFreq_Value,PLLCLKFreq_Value,PLLMCOFreq_Value,PLLMUL,PLLSourceVirtual,SDIOFreq_Value,SDIOHCLKDiv2FreqValue,SYSCLKFreq_VALUE,SYSCLKSource,TimSysFreq_Value,USBFreq_Value,VCOOutput2Freq_Value
RCC.MCOFreq_Value=72000000
RCC.PLLCLKFreq_Value=72000000
RCC.PLLMCOFreq_Value=36000000
RCC.PLLMUL=RCC_PLL_MUL9
RCC.PLLSourceVirtual=RCC_PLLSOURCE_HSE
RCC.SDIOFreq_Value=72000000
RCC.SDIOHCLKDiv2FreqValue=36000000
RCC.SYSCLKFreq_VALUE=72000000
RCC.SYSCLKSource=RCC_SYSCLKSOURCE_PLLCLK
RCC.TimSysFreq_Value=72000000
RCC.USBFreq_Value=72000000
RCC.VCOOutput2Freq_Value=8000000
SH.ADCx_IN14.0=ADC1_IN14,IN14
SH.ADCx_IN14.ConfNb=1
SH.S_TIM1_CH1.0=TIM1_CH1,PWM Generation1 CH1
SH.S_TIM1_CH1.ConfNb=1
SH.S_TIM1_CH2.0=TIM1_CH2,PWM Generation2 CH2
SH.S_TIM1_CH2.ConfNb=1
SH.S_TIM1_CH3.0=TIM1_CH3,PWM Generation3 CH3
SH.S_TIM1_CH3.ConfNb=1
SH.S_TIM1_CH4.0=TIM1_CH4,PWM Generation4 CH4
SH.S_TIM1_CH4.ConfNb=1
SH.S_TIM2_CH1_ETR.0=TIM2_CH1,Encoder_Interface
SH.S_TIM2_CH1_ETR.ConfNb=1
SH.S_TIM2_CH2.0=TIM2_CH2,Encoder_Interface
SH.S_TIM2_CH2.ConfNb=1
SH.S_TIM3_CH1.0=TIM3_CH1,Encoder_Interface
SH.S_TIM3_CH1.ConfNb=1
SH.S_TIM3_CH2.0=TIM3_CH2,Encoder_Interface
SH.S_TIM3_CH2.ConfNb=1
SH.S_TIM4_CH1.0=TIM4_CH1,Encoder_Interface
SH.S_TIM4_CH1.ConfNb=1
SH.S_TIM4_CH2.0=TIM4_CH2,Encoder_Interface
SH.S_TIM4_CH2.ConfNb=1
SH.S_TIM5_CH1.0=TIM5_CH1,Encoder_Interface
SH.S_TIM5_CH1.ConfNb=1
SH.S_TIM5_CH2.0=TIM5_CH2,Encoder_Interface
SH.S_TIM5_CH2.ConfNb=1
SH.S_TIM8_CH1.0=TIM8_CH1,PWM Generation1 CH1
SH.S_TIM8_CH1.ConfNb=1
SH.S_TIM8_CH2.0=TIM8_CH2,PWM Generation2 CH2
SH.S_TIM8_CH2.ConfNb=1
SH.S_TIM8_CH3.0=TIM8_CH3,PWM Generation3 CH3
SH.S_TIM8_CH3.ConfNb=1
SH.S_TIM8_CH4.0=TIM8_CH4,PWM Generation4 CH4
SH.S_TIM8_CH4.ConfNb=1
TIM1.Channel-PWM\ Generation1\ CH1=TIM_CHANNEL_1
TIM1.Channel-PWM\ Generation2\ CH2=TIM_CHANNEL_2
TIM1.Channel-PWM\ Generation3\ CH3=TIM_CHANNEL_3
TIM1.Channel-PWM\ Generation4\ CH4=TIM_CHANNEL_4
TIM1.IPParameters=Channel-PWM Generation1 CH1,Channel-PWM Generation2 CH2,Channel-PWM Generation3 CH3,Channel-PWM Generation4 CH4,Period
TIM1.Period=7200-1
TIM2.EncoderMode=TIM_ENCODERMODE_TI12
TIM2.IC1Filter=10
TIM2.IC2Filter=10
TIM2.IPParameters=EncoderMode,IC1Filter,IC2Filter
TIM3.EncoderMode=TIM_ENCODERMODE_TI12
TIM3.IC1Filter=10
TIM3.IC2Filter=10
TIM3.IPParameters=EncoderMode,IC1Filter,IC2Filter
TIM4.EncoderMode=TIM_ENCODERMODE_TI12
TIM4.IC1Filter=10
TIM4.IC2Filter=10
TIM4.IPParameters=EncoderMode,IC1Filter,IC2Filter
TIM5.EncoderMode=TIM_ENCODERMODE_TI12
TIM5.IC1Filter=10
TIM5.IC2Filter=10
TIM5.IPParameters=EncoderMode,IC1Filter,IC2Filter
TIM8.Channel-PWM\ Generation1\ CH1=TIM_CHANNEL_1
TIM8.Channel-PWM\ Generation2\ CH2=TIM_CHANNEL_2
TIM8.Channel-PWM\ Generation3\ CH3=TIM_CHANNEL_3
TIM8.Channel-PWM\ Generation4\ CH4=TIM_CHANNEL_4
TIM8.IPParameters=Channel-PWM Generation1 CH1,Channel-PWM Generation2 CH2,Channel-PWM Generation3 CH3,Channel-PWM Generation4 CH4,Period
TIM8.Period=7200-1
UART4.IPParameters=VirtualMode
UART4.VirtualMode=Asynchronous
VP_FREERTOS_VS_CMSIS_V2.Mode=CMSIS_V2
VP_FREERTOS_VS_CMSIS_V2.Signal=FREERTOS_VS_CMSIS_V2
VP_SYS_VS_tim6.Mode=TIM6
VP_SYS_VS_tim6.Signal=SYS_VS_tim6
board=custom
